
Microsoft Visual Studio Solution File, Format Version 12.00
# Visual Studio Version 17
VisualStudioVersion = 17.4.33213.308
MinimumVisualStudioVersion = 10.0.40219.1
Project("{9A19103F-16F7-4668-BE54-9A1E7A4F7556}") = "HOMEManager", "HOMEManager\HOMEManager.csproj", "{612DBD67-5AF4-4B5B-95C3-8350D9A4639C}"
EndProject
Global
	GlobalSection(SolutionConfigurationPlatforms) = preSolution
		Debug|Any CPU = Debug|Any CPU
		Release|Any CPU = Release|Any CPU
	EndGlobalSection
	GlobalSection(ProjectConfigurationPlatforms) = postSolution
		{612DBD67-5AF4-4B5B-95C3-8350D9A4639C}.Debug|Any CPU.ActiveCfg = Debug|Any CPU
		{612DBD67-5AF4-4B5B-95C3-8350D9A4639C}.Debug|Any CPU.Build.0 = Debug|Any CPU
		{612DBD67-5AF4-4B5B-95C3-8350D9A4639C}.Release|Any CPU.ActiveCfg = Release|Any CPU
		{612DBD67-5AF4-4B5B-95C3-8350D9A4639C}.Release|Any CPU.Build.0 = Release|Any CPU
	EndGlobalSection
	GlobalSection(SolutionProperties) = preSolution
		HideSolutionNode = FALSE
	EndGlobalSection
	GlobalSection(ExtensibilityGlobals) = postSolution
		SolutionGuid = {55091681-0A6B-4023-AFC4-BAA665396E29}
	EndGlobalSection
EndGlobal
